// !$*UTF8*$!
{
	archiveVersion = 1;
	classes = {
	};
	objectVersion = 56;
	objects = {

/* Begin PBXBuildFile section */
		E7295CFD2B01C8DE009B53B5 /* CategoryViewController.swift in Sources */ = {isa = PBXBuildFile; fileRef = E7295CFC2B01C8DE009B53B5 /* CategoryViewController.swift */; };
		E729E04D2B0665C200EFFD4B /* SwipeCellKit in Frameworks */ = {isa = PBXBuildFile; productRef = E729E04C2B0665C200EFFD4B /* SwipeCellKit */; };
		E729E04F2B06759E00EFFD4B /* SwipeTableViewController.swift in Sources */ = {isa = PBXBuildFile; fileRef = E729E04E2B06759E00EFFD4B /* SwipeTableViewController.swift */; };
		E76ACFC42AFB8B0100E45163 /* AppDelegate.swift in Sources */ = {isa = PBXBuildFile; fileRef = E76ACFC32AFB8B0100E45163 /* AppDelegate.swift */; };
		E76ACFC62AFB8B0100E45163 /* SceneDelegate.swift in Sources */ = {isa = PBXBuildFile; fileRef = E76ACFC52AFB8B0100E45163 /* SceneDelegate.swift */; };
		E76ACFC82AFB8B0100E45163 /* TodoListViewController.swift in Sources */ = {isa = PBXBuildFile; fileRef = E76ACFC72AFB8B0100E45163 /* TodoListViewController.swift */; };
		E76ACFCB2AFB8B0100E45163 /* Main.storyboard in Resources */ = {isa = PBXBuildFile; fileRef = E76ACFC92AFB8B0100E45163 /* Main.storyboard */; };
		E76ACFCD2AFB8B0100E45163 /* Assets.xcassets in Resources */ = {isa = PBXBuildFile; fileRef = E76ACFCC2AFB8B0100E45163 /* Assets.xcassets */; };
		E76ACFD02AFB8B0100E45163 /* LaunchScreen.storyboard in Resources */ = {isa = PBXBuildFile; fileRef = E76ACFCE2AFB8B0100E45163 /* LaunchScreen.storyboard */; };
		E78885312B045C1D009C23CA /* Realm in Frameworks */ = {isa = PBXBuildFile; productRef = E78885302B045C1D009C23CA /* Realm */; };
		E78885332B045C1D009C23CA /* RealmSwift in Frameworks */ = {isa = PBXBuildFile; productRef = E78885322B045C1D009C23CA /* RealmSwift */; };
		E78885372B0462C7009C23CA /* TodoItem.swift in Sources */ = {isa = PBXBuildFile; fileRef = E78885362B0462C7009C23CA /* TodoItem.swift */; };
		E78885392B0462D4009C23CA /* Category.swift in Sources */ = {isa = PBXBuildFile; fileRef = E78885382B0462D4009C23CA /* Category.swift */; };
/* End PBXBuildFile section */

/* Begin PBXFileReference section */
		E7295CFC2B01C8DE009B53B5 /* CategoryViewController.swift */ = {isa = PBXFileReference; lastKnownFileType = sourcecode.swift; path = CategoryViewController.swift; sourceTree = "<group>"; };
		E729E04E2B06759E00EFFD4B /* SwipeTableViewController.swift */ = {isa = PBXFileReference; lastKnownFileType = sourcecode.swift; path = SwipeTableViewController.swift; sourceTree = "<group>"; };
		E76ACFC02AFB8B0100E45163 /* TodoList.app */ = {isa = PBXFileReference; explicitFileType = wrapper.application; includeInIndex = 0; path = TodoList.app; sourceTree = BUILT_PRODUCTS_DIR; };
		E76ACFC32AFB8B0100E45163 /* AppDelegate.swift */ = {isa = PBXFileReference; lastKnownFileType = sourcecode.swift; path = AppDelegate.swift; sourceTree = "<group>"; };
		E76ACFC52AFB8B0100E45163 /* SceneDelegate.swift */ = {isa = PBXFileReference; lastKnownFileType = sourcecode.swift; path = SceneDelegate.swift; sourceTree = "<group>"; };
		E76ACFC72AFB8B0100E45163 /* TodoListViewController.swift */ = {isa = PBXFileReference; lastKnownFileType = sourcecode.swift; path = TodoListViewController.swift; sourceTree = "<group>"; };
		E76ACFCA2AFB8B0100E45163 /* Base */ = {isa = PBXFileReference; lastKnownFileType = file.storyboard; name = Base; path = Base.lproj/Main.storyboard; sourceTree = "<group>"; };
		E76ACFCC2AFB8B0100E45163 /* Assets.xcassets */ = {isa = PBXFileReference; lastKnownFileType = folder.assetcatalog; path = Assets.xcassets; sourceTree = "<group>"; };
		E76ACFCF2AFB8B0100E45163 /* Base */ = {isa = PBXFileReference; lastKnownFileType = file.storyboard; name = Base; path = Base.lproj/LaunchScreen.storyboard; sourceTree = "<group>"; };
		E76ACFD12AFB8B0100E45163 /* Info.plist */ = {isa = PBXFileReference; lastKnownFileType = text.plist.xml; path = Info.plist; sourceTree = "<group>"; };
		E78885362B0462C7009C23CA /* TodoItem.swift */ = {isa = PBXFileReference; lastKnownFileType = sourcecode.swift; path = TodoItem.swift; sourceTree = "<group>"; };
		E78885382B0462D4009C23CA /* Category.swift */ = {isa = PBXFileReference; lastKnownFileType = sourcecode.swift; path = Category.swift; sourceTree = "<group>"; };
/* End PBXFileReference section */

/* Begin PBXFrameworksBuildPhase section */
		E76ACFBD2AFB8B0100E45163 /* Frameworks */ = {
			isa = PBXFrameworksBuildPhase;
			buildActionMask = 2147483647;
			files = (
				E78885332B045C1D009C23CA /* RealmSwift in Frameworks */,
				E729E04D2B0665C200EFFD4B /* SwipeCellKit in Frameworks */,
				E78885312B045C1D009C23CA /* Realm in Frameworks */,
			);
			runOnlyForDeploymentPostprocessing = 0;
		};
/* End PBXFrameworksBuildPhase section */

/* Begin PBXGroup section */
		E74A25722AFDCAF500906CCF /* View */ = {
			isa = PBXGroup;
			children = (
				E76ACFC92AFB8B0100E45163 /* Main.storyboard */,
			);
			path = View;
			sourceTree = "<group>";
		};
		E74A422E2AFC8639006122B7 /* Model */ = {
			isa = PBXGroup;
			children = (
				E78885362B0462C7009C23CA /* TodoItem.swift */,
				E78885382B0462D4009C23CA /* Category.swift */,
			);
			path = Model;
			sourceTree = "<group>";
		};
		E74A42312AFC87C5006122B7 /* Controller */ = {
			isa = PBXGroup;
			children = (
				E7295CFC2B01C8DE009B53B5 /* CategoryViewController.swift */,
				E76ACFC72AFB8B0100E45163 /* TodoListViewController.swift */,
				E729E04E2B06759E00EFFD4B /* SwipeTableViewController.swift */,
			);
			path = Controller;
			sourceTree = "<group>";
		};
		E76ACFB72AFB8B0100E45163 = {
			isa = PBXGroup;
			children = (
				E76ACFC22AFB8B0100E45163 /* TodoList */,
				E76ACFC12AFB8B0100E45163 /* Products */,
			);
			sourceTree = "<group>";
		};
		E76ACFC12AFB8B0100E45163 /* Products */ = {
			isa = PBXGroup;
			children = (
				E76ACFC02AFB8B0100E45163 /* TodoList.app */,
			);
			name = Products;
			sourceTree = "<group>";
		};
		E76ACFC22AFB8B0100E45163 /* TodoList */ = {
			isa = PBXGroup;
			children = (
				E74A422E2AFC8639006122B7 /* Model */,
				E76ACFC32AFB8B0100E45163 /* AppDelegate.swift */,
				E76ACFC52AFB8B0100E45163 /* SceneDelegate.swift */,
				E74A42312AFC87C5006122B7 /* Controller */,
				E74A25722AFDCAF500906CCF /* View */,
				E76ACFCC2AFB8B0100E45163 /* Assets.xcassets */,
				E76ACFCE2AFB8B0100E45163 /* LaunchScreen.storyboard */,
				E76ACFD12AFB8B0100E45163 /* Info.plist */,
			);
			path = TodoList;
			sourceTree = "<group>";
		};
/* End PBXGroup section */

/* Begin PBXNativeTarget section */
		E76ACFBF2AFB8B0100E45163 /* TodoList */ = {
			isa = PBXNativeTarget;
			buildConfigurationList = E76ACFD42AFB8B0100E45163 /* Build configuration list for PBXNativeTarget "TodoList" */;
			buildPhases = (
				E76ACFBC2AFB8B0100E45163 /* Sources */,
				E76ACFBD2AFB8B0100E45163 /* Frameworks */,
				E76ACFBE2AFB8B0100E45163 /* Resources */,
			);
			buildRules = (
			);
			dependencies = (
			);
			name = TodoList;
			packageProductDependencies = (
				E78885302B045C1D009C23CA /* Realm */,
				E78885322B045C1D009C23CA /* RealmSwift */,
				E729E04C2B0665C200EFFD4B /* SwipeCellKit */,
			);
			productName = TodoList;
			productReference = E76ACFC02AFB8B0100E45163 /* TodoList.app */;
			productType = "com.apple.product-type.application";
		};
/* End PBXNativeTarget section */

/* Begin PBXProject section */
		E76ACFB82AFB8B0100E45163 /* Project object */ = {
			isa = PBXProject;
			attributes = {
				BuildIndependentTargetsInParallel = 1;
				LastSwiftUpdateCheck = 1400;
				LastUpgradeCheck = 1400;
				TargetAttributes = {
					E76ACFBF2AFB8B0100E45163 = {
						CreatedOnToolsVersion = 14.0;
					};
				};
			};
			buildConfigurationList = E76ACFBB2AFB8B0100E45163 /* Build configuration list for PBXProject "TodoList" */;
			compatibilityVersion = "Xcode 14.0";
			developmentRegion = en;
			hasScannedForEncodings = 0;
			knownRegions = (
				en,
				Base,
			);
			mainGroup = E76ACFB72AFB8B0100E45163;
			packageReferences = (
				E788852F2B045C1D009C23CA /* XCRemoteSwiftPackageReference "realm-swift" */,
				E729E04B2B0665C200EFFD4B /* XCRemoteSwiftPackageReference "SwipeCellKit" */,
			);
			productRefGroup = E76ACFC12AFB8B0100E45163 /* Products */;
			projectDirPath = "";
			projectRoot = "";
			targets = (
				E76ACFBF2AFB8B0100E45163 /* TodoList */,
			);
		};
/* End PBXProject section */

/* Begin PBXResourcesBuildPhase section */
		E76ACFBE2AFB8B0100E45163 /* Resources */ = {
			isa = PBXResourcesBuildPhase;
			buildActionMask = 2147483647;
			files = (
				E76ACFD02AFB8B0100E45163 /* LaunchScreen.storyboard in Resources */,
				E76ACFCD2AFB8B0100E45163 /* Assets.xcassets in Resources */,
				E76ACFCB2AFB8B0100E45163 /* Main.storyboard in Resources */,
			);
			runOnlyForDeploymentPostprocessing = 0;
		};
/* End PBXResourcesBuildPhase section */

/* Begin PBXSourcesBuildPhase section */
		E76ACFBC2AFB8B0100E45163 /* Sources */ = {
			isa = PBXSourcesBuildPhase;
			buildActionMask = 2147483647;
			files = (
				E7295CFD2B01C8DE009B53B5 /* CategoryViewController.swift in Sources */,
				E76ACFC82AFB8B0100E45163 /* TodoListViewController.swift in Sources */,
				E76ACFC42AFB8B0100E45163 /* AppDelegate.swift in Sources */,
				E78885372B0462C7009C23CA /* TodoItem.swift in Sources */,
				E76ACFC62AFB8B0100E45163 /* SceneDelegate.swift in Sources */,
				E729E04F2B06759E00EFFD4B /* SwipeTableViewController.swift in Sources */,
				E78885392B0462D4009C23CA /* Category.swift in Sources */,
			);
			runOnlyForDeploymentPostprocessing = 0;
		};
/* End PBXSourcesBuildPhase section */

/* Begin PBXVariantGroup section */
		E76ACFC92AFB8B0100E45163 /* Main.storyboard */ = {
			isa = PBXVariantGroup;
			children = (
				E76ACFCA2AFB8B0100E45163 /* Base */,
			);
			name = Main.storyboard;
			sourceTree = "<group>";
		};
		E76ACFCE2AFB8B0100E45163 /* LaunchScreen.storyboard */ = {
			isa = PBXVariantGroup;
			children = (
				E76ACFCF2AFB8B0100E45163 /* Base */,
			);
			name = LaunchScreen.storyboard;
			sourceTree = "<group>";
		};
/* End PBXVariantGroup section */

/* Begin XCBuildConfiguration section */
		E76ACFD22AFB8B0100E45163 /* Debug */ = {
			isa = XCBuildConfiguration;
			buildSettings = {
				ALWAYS_SEARCH_USER_PATHS = NO;
				CLANG_ANALYZER_NONNULL = YES;
				CLANG_ANALYZER_NUMBER_OBJECT_CONVERSION = YES_AGGRESSIVE;
				CLANG_CXX_LANGUAGE_STANDARD = "gnu++20";
				CLANG_ENABLE_MODULES = YES;
				CLANG_ENABLE_OBJC_ARC = YES;
				CLANG_ENABLE_OBJC_WEAK = YES;
				CLANG_WARN_BLOCK_CAPTURE_AUTORELEASING = YES;
				CLANG_WARN_BOOL_CONVERSION = YES;
				CLANG_WARN_COMMA = YES;
				CLANG_WARN_CONSTANT_CONVERSION = YES;
				CLANG_WARN_DEPRECATED_OBJC_IMPLEMENTATIONS = YES;
				CLANG_WARN_DIRECT_OBJC_ISA_USAGE = YES_ERROR;
				CLANG_WARN_DOCUMENTATION_COMMENTS = YES;
				CLANG_WARN_EMPTY_BODY = YES;
				CLANG_WARN_ENUM_CONVERSION = YES;
				CLANG_WARN_INFINITE_RECURSION = YES;
				CLANG_WARN_INT_CONVERSION = YES;
				CLANG_WARN_NON_LITERAL_NULL_CONVERSION = YES;
				CLANG_WARN_OBJC_IMPLICIT_RETAIN_SELF = YES;
				CLANG_WARN_OBJC_LITERAL_CONVERSION = YES;
				CLANG_WARN_OBJC_ROOT_CLASS = YES_ERROR;
				CLANG_WARN_QUOTED_INCLUDE_IN_FRAMEWORK_HEADER = YES;
				CLANG_WARN_RANGE_LOOP_ANALYSIS = YES;
				CLANG_WARN_STRICT_PROTOTYPES = YES;
				CLANG_WARN_SUSPICIOUS_MOVE = YES;
				CLANG_WARN_UNGUARDED_AVAILABILITY = YES_AGGRESSIVE;
				CLANG_WARN_UNREACHABLE_CODE = YES;
				CLANG_WARN__DUPLICATE_METHOD_MATCH = YES;
				COPY_PHASE_STRIP = NO;
				DEBUG_INFORMATION_FORMAT = dwarf;
				ENABLE_STRICT_OBJC_MSGSEND = YES;
				ENABLE_TESTABILITY = YES;
				GCC_C_LANGUAGE_STANDARD = gnu11;
				GCC_DYNAMIC_NO_PIC = NO;
				GCC_NO_COMMON_BLOCKS = YES;
				GCC_OPTIMIZATION_LEVEL = 0;
				GCC_PREPROCESSOR_DEFINITIONS = (
					"DEBUG=1",
					"$(inherited)",
				);
				GCC_WARN_64_TO_32_BIT_CONVERSION = YES;
				GCC_WARN_ABOUT_RETURN_TYPE = YES_ERROR;
				GCC_WARN_UNDECLARED_SELECTOR = YES;
				GCC_WARN_UNINITIALIZED_AUTOS = YES_AGGRESSIVE;
				GCC_WARN_UNUSED_FUNCTION = YES;
				GCC_WARN_UNUSED_VARIABLE = YES;
				IPHONEOS_DEPLOYMENT_TARGET = 16.0;
				MTL_ENABLE_DEBUG_INFO = INCLUDE_SOURCE;
				MTL_FAST_MATH = YES;
				ONLY_ACTIVE_ARCH = YES;
				SDKROOT = iphoneos;
				SWIFT_ACTIVE_COMPILATION_CONDITIONS = DEBUG;
				SWIFT_OPTIMIZATION_LEVEL = "-Onone";
			};
			name = Debug;
		};
		E76ACFD32AFB8B0100E45163 /* Release */ = {
			isa = XCBuildConfiguration;
			buildSettings = {
				ALWAYS_SEARCH_USER_PATHS = NO;
				CLANG_ANALYZER_NONNULL = YES;
				CLANG_ANALYZER_NUMBER_OBJECT_CONVERSION = YES_AGGRESSIVE;
				CLANG_CXX_LANGUAGE_STANDARD = "gnu++20";
				CLANG_ENABLE_MODULES = YES;
				CLANG_ENABLE_OBJC_ARC = YES;
				CLANG_ENABLE_OBJC_WEAK = YES;
				CLANG_WARN_BLOCK_CAPTURE_AUTORELEASING = YES;
				CLANG_WARN_BOOL_CONVERSION = YES;
				CLANG_WARN_COMMA = YES;
				CLANG_WARN_CONSTANT_CONVERSION = YES;
				CLANG_WARN_DEPRECATED_OBJC_IMPLEMENTATIONS = YES;
				CLANG_WARN_DIRECT_OBJC_ISA_USAGE = YES_ERROR;
				CLANG_WARN_DOCUMENTATION_COMMENTS = YES;
				CLANG_WARN_EMPTY_BODY = YES;
				CLANG_WARN_ENUM_CONVERSION = YES;
				CLANG_WARN_INFINITE_RECURSION = YES;
				CLANG_WARN_INT_CONVERSION = YES;
				CLANG_WARN_NON_LITERAL_NULL_CONVERSION = YES;
				CLANG_WARN_OBJC_IMPLICIT_RETAIN_SELF = YES;
				CLANG_WARN_OBJC_LITERAL_CONVERSION = YES;
				CLANG_WARN_OBJC_ROOT_CLASS = YES_ERROR;
				CLANG_WARN_QUOTED_INCLUDE_IN_FRAMEWORK_HEADER = YES;
				CLANG_WARN_RANGE_LOOP_ANALYSIS = YES;
				CLANG_WARN_STRICT_PROTOTYPES = YES;
				CLANG_WARN_SUSPICIOUS_MOVE = YES;
				CLANG_WARN_UNGUARDED_AVAILABILITY = YES_AGGRESSIVE;
				CLANG_WARN_UNREACHABLE_CODE = YES;
				CLANG_WARN__DUPLICATE_METHOD_MATCH = YES;
				COPY_PHASE_STRIP = NO;
				DEBUG_INFORMATION_FORMAT = "dwarf-with-dsym";
				ENABLE_NS_ASSERTIONS = NO;
				ENABLE_STRICT_OBJC_MSGSEND = YES;
				GCC_C_LANGUAGE_STANDARD = gnu11;
				GCC_NO_COMMON_BLOCKS = YES;
				GCC_WARN_64_TO_32_BIT_CONVERSION = YES;
				GCC_WARN_ABOUT_RETURN_TYPE = YES_ERROR;
				GCC_WARN_UNDECLARED_SELECTOR = YES;
				GCC_WARN_UNINITIALIZED_AUTOS = YES_AGGRESSIVE;
				GCC_WARN_UNUSED_FUNCTION = YES;
				GCC_WARN_UNUSED_VARIABLE = YES;
				IPHONEOS_DEPLOYMENT_TARGET = 16.0;
				MTL_ENABLE_DEBUG_INFO = NO;
				MTL_FAST_MATH = YES;
				SDKROOT = iphoneos;
				SWIFT_COMPILATION_MODE = wholemodule;
				SWIFT_OPTIMIZATION_LEVEL = "-O";
				VALIDATE_PRODUCT = YES;
			};
			name = Release;
		};
		E76ACFD52AFB8B0100E45163 /* Debug */ = {
			isa = XCBuildConfiguration;
			buildSettings = {
				ASSETCATALOG_COMPILER_APPICON_NAME = AppIcon;
				ASSETCATALOG_COMPILER_GLOBAL_ACCENT_COLOR_NAME = AccentColor;
				CODE_SIGN_STYLE = Automatic;
				CURRENT_PROJECT_VERSION = 1;
				GENERATE_INFOPLIST_FILE = YES;
				INFOPLIST_FILE = TodoList/Info.plist;
				INFOPLIST_KEY_UIApplicationSupportsIndirectInputEvents = YES;
				INFOPLIST_KEY_UILaunchStoryboardName = LaunchScreen.storyboard;
				INFOPLIST_KEY_UIMainStoryboardFile = Main;
				INFOPLIST_KEY_UISupportedInterfaceOrientations_iPad = "UIInterfaceOrientationPortrait UIInterfaceOrientationPortraitUpsideDown UIInterfaceOrientationLandscapeLeft UIInterfaceOrientationLandscapeRight";
				INFOPLIST_KEY_UISupportedInterfaceOrientations_iPhone = "UIInterfaceOrientationPortrait UIInterfaceOrientationLandscapeLeft UIInterfaceOrientationLandscapeRight";
				IPHONEOS_DEPLOYMENT_TARGET = 16.0;
				LD_RUNPATH_SEARCH_PATHS = (
					"$(inherited)",
					"@executable_path/Frameworks",
				);
				MARKETING_VERSION = 1.0;
				PRODUCT_BUNDLE_IDENTIFIER = son.example.TodoList;
				PRODUCT_NAME = "$(TARGET_NAME)";
				SWIFT_EMIT_LOC_STRINGS = YES;
				SWIFT_VERSION = 5.0;
				TARGETED_DEVICE_FAMILY = "1,2";
			};
			name = Debug;
		};
		E76ACFD62AFB8B0100E45163 /* Release */ = {
			isa = XCBuildConfiguration;
			buildSettings = {
				ASSETCATALOG_COMPILER_APPICON_NAME = AppIcon;
				ASSETCATALOG_COMPILER_GLOBAL_ACCENT_COLOR_NAME = AccentColor;
				CODE_SIGN_STYLE = Automatic;
				CURRENT_PROJECT_VERSION = 1;
				GENERATE_INFOPLIST_FILE = YES;
				INFOPLIST_FILE = TodoList/Info.plist;
				INFOPLIST_KEY_UIApplicationSupportsIndirectInputEvents = YES;
				INFOPLIST_KEY_UILaunchStoryboardName = LaunchScreen.storyboard;
				INFOPLIST_KEY_UIMainStoryboardFile = Main;
				INFOPLIST_KEY_UISupportedInterfaceOrientations_iPad = "UIInterfaceOrientationPortrait UIInterfaceOrientationPortraitUpsideDown UIInterfaceOrientationLandscapeLeft UIInterfaceOrientationLandscapeRight";
				INFOPLIST_KEY_UISupportedInterfaceOrientations_iPhone = "UIInterfaceOrientationPortrait UIInterfaceOrientationLandscapeLeft UIInterfaceOrientationLandscapeRight";
				IPHONEOS_DEPLOYMENT_TARGET = 16.0;
				LD_RUNPATH_SEARCH_PATHS = (
					"$(inherited)",
					"@executable_path/Frameworks",
				);
				MARKETING_VERSION = 1.0;
				PRODUCT_BUNDLE_IDENTIFIER = son.example.TodoList;
				PRODUCT_NAME = "$(TARGET_NAME)";
				SWIFT_EMIT_LOC_STRINGS = YES;
				SWIFT_VERSION = 5.0;
				TARGETED_DEVICE_FAMILY = "1,2";
			};
			name = Release;
		};
/* End XCBuildConfiguration section */

/* Begin XCConfigurationList section */
		E76ACFBB2AFB8B0100E45163 /* Build configuration list for PBXProject "TodoList" */ = {
			isa = XCConfigurationList;
			buildConfigurations = (
				E76ACFD22AFB8B0100E45163 /* Debug */,
				E76ACFD32AFB8B0100E45163 /* Release */,
			);
			defaultConfigurationIsVisible = 0;
			defaultConfigurationName = Release;
		};
		E76ACFD42AFB8B0100E45163 /* Build configuration list for PBXNativeTarget "TodoList" */ = {
			isa = XCConfigurationList;
			buildConfigurations = (
				E76ACFD52AFB8B0100E45163 /* Debug */,
				E76ACFD62AFB8B0100E45163 /* Release */,
			);
			defaultConfigurationIsVisible = 0;
			defaultConfigurationName = Release;
		};
/* End XCConfigurationList section */

/* Begin XCRemoteSwiftPackageReference section */
		E729E04B2B0665C200EFFD4B /* XCRemoteSwiftPackageReference "SwipeCellKit" */ = {
			isa = XCRemoteSwiftPackageReference;
			repositoryURL = "https://github.com/SwipeCellKit/SwipeCellKit";
			requirement = {
				kind = upToNextMajorVersion;
				minimumVersion = 2.0.0;
			};
		};
		E788852F2B045C1D009C23CA /* XCRemoteSwiftPackageReference "realm-swift" */ = {
			isa = XCRemoteSwiftPackageReference;
			repositoryURL = "https://github.com/realm/realm-swift.git";
			requirement = {
				branch = master;
				kind = branch;
			};
		};
/* End XCRemoteSwiftPackageReference section */

/* Begin XCSwiftPackageProductDependency section */
		E729E04C2B0665C200EFFD4B /* SwipeCellKit */ = {
			isa = XCSwiftPackageProductDependency;
			package = E729E04B2B0665C200EFFD4B /* XCRemoteSwiftPackageReference "SwipeCellKit" */;
			productName = SwipeCellKit;
		};
		E78885302B045C1D009C23CA /* Realm */ = {
			isa = XCSwiftPackageProductDependency;
			package = E788852F2B045C1D009C23CA /* XCRemoteSwiftPackageReference "realm-swift" */;
			productName = Realm;
		};
		E78885322B045C1D009C23CA /* RealmSwift */ = {
			isa = XCSwiftPackageProductDependency;
			package = E788852F2B045C1D009C23CA /* XCRemoteSwiftPackageReference "realm-swift" */;
			productName = RealmSwift;
		};
/* End XCSwiftPackageProductDependency section */
	};
	rootObject = E76ACFB82AFB8B0100E45163 /* Project object */;
}
